<?xml version="1.0" encoding="utf-8"?>
<Project ToolsVersion="4.0" xmlns="http://schemas.microsoft.com/developer/msbuild/2003">
  <ItemGroup>
    <Filter Include="Исходные файлы">
      <UniqueIdentifier>{4FC737F1-C7A5-4376-A066-2A32D752A2FF}</UniqueIdentifier>
      <Extensions>cpp;c;cc;cxx;c++;def;odl;idl;hpj;bat;asm;asmx</Extensions>
    </Filter>
    <Filter Include="Файлы заголовков">
      <UniqueIdentifier>{93995380-89BD-4b04-88EB-625FBE52EBFB}</UniqueIdentifier>
      <Extensions>h;hh;hpp;hxx;h++;hm;inl;inc;ipp;xsd</Extensions>
    </Filter>
    <Filter Include="Файлы ресурсов">
      <UniqueIdentifier>{67DA6AB6-F800-4c08-8B7A-83BB121AAD01}</UniqueIdentifier>
      <Extensions>rc;ico;cur;bmp;dlg;rc2;rct;bin;rgs;gif;jpg;jpeg;jpe;resx;tiff;tif;png;wav;mfcribbon-ms</Extensions>
    </Filter>
    <Filter Include="dependencies">
      <UniqueIdentifier>{79a3f304-96e4-40d7-812f-8853e29a5eb6}</UniqueIdentifier>
    </Filter>
    <Filter Include="Interface">
      <UniqueIdentifier>{dee037e6-ec29-44c7-abe7-82166b1cd048}</UniqueIdentifier>
    </Filter>
    <Filter Include="Helpers">
      <UniqueIdentifier>{d712b204-de5b-4ef4-b0d6-43e5a41fedb1}</UniqueIdentifier>
    </Filter>
  </ItemGroup>
  <ItemGroup>
    <ClCompile Include="dependencies\AssertionException.cpp">
      <Filter>dependencies</Filter>
    </ClCompile>
    <ClCompile Include="dependencies\TestCase.cpp">
      <Filter>dependencies</Filter>
    </ClCompile>
    <ClCompile Include="dependencies\TestEnvironment.cpp">
      <Filter>dependencies</Filter>
    </ClCompile>
    <ClCompile Include="dependencies\TimedTest.cpp">
      <Filter>dependencies</Filter>
    </ClCompile>
    <ClCompile Include="dependencies\TimedTestCase.cpp">
      <Filter>dependencies</Filter>
    </ClCompile>
    <ClCompile Include="dependencies\Timer.cpp">
      <Filter>dependencies</Filter>
    </ClCompile>
    <ClCompile Include="dependencies\UnitTest.cpp">
      <Filter>dependencies</Filter>
    </ClCompile>
    <ClCompile Include="Lab_3_sem3.cpp">
      <Filter>Исходные файлы</Filter>
    </ClCompile>
    <ClCompile Include="dependencies\ParseFunctions.cpp">
      <Filter>dependencies</Filter>
    </ClCompile>
    <ClCompile Include="GraphTests.cpp">
      <Filter>Исходные файлы</Filter>
    </ClCompile>
    <ClCompile Include="IntHash.cpp">
      <Filter>Исходные файлы</Filter>
    </ClCompile>
  </ItemGroup>
  <ItemGroup>
    <ClInclude Include="dependencies\ArrayIterator.h">
      <Filter>dependencies</Filter>
    </ClInclude>
    <ClInclude Include="dependencies\ArraySequence.h">
      <Filter>dependencies</Filter>
    </ClInclude>
    <ClInclude Include="dependencies\AssertionException.h">
      <Filter>dependencies</Filter>
    </ClInclude>
    <ClInclude Include="dependencies\DynamicArray.h">
      <Filter>dependencies</Filter>
    </ClInclude>
    <ClInclude Include="dependencies\HashMap.h">
      <Filter>dependencies</Filter>
    </ClInclude>
    <ClInclude Include="dependencies\HashMapIterator.h">
      <Filter>dependencies</Filter>
    </ClInclude>
    <ClInclude Include="dependencies\IDictionary.h">
      <Filter>dependencies</Filter>
    </ClInclude>
    <ClInclude Include="dependencies\ITestCase.h">
      <Filter>dependencies</Filter>
    </ClInclude>
    <ClInclude Include="dependencies\LinkedList.h">
      <Filter>dependencies</Filter>
    </ClInclude>
    <ClInclude Include="dependencies\ListIterator.h">
      <Filter>dependencies</Filter>
    </ClInclude>
    <ClInclude Include="dependencies\ListSequence.h">
      <Filter>dependencies</Filter>
    </ClInclude>
    <ClInclude Include="dependencies\MutableArrayIterator.h">
      <Filter>dependencies</Filter>
    </ClInclude>
    <ClInclude Include="dependencies\MutableListIterator.h">
      <Filter>dependencies</Filter>
    </ClInclude>
    <ClInclude Include="dependencies\MutableSequenceIterator.h">
      <Filter>dependencies</Filter>
    </ClInclude>
    <ClInclude Include="dependencies\Node.h">
      <Filter>dependencies</Filter>
    </ClInclude>
    <ClInclude Include="dependencies\Sequence.h">
      <Filter>dependencies</Filter>
    </ClInclude>
    <ClInclude Include="dependencies\SequenceIterator.h">
      <Filter>dependencies</Filter>
    </ClInclude>
    <ClInclude Include="dependencies\TestCase.h">
      <Filter>dependencies</Filter>
    </ClInclude>
    <ClInclude Include="dependencies\TestEnvironment.h">
      <Filter>dependencies</Filter>
    </ClInclude>
    <ClInclude Include="dependencies\TimedTest.h">
      <Filter>dependencies</Filter>
    </ClInclude>
    <ClInclude Include="dependencies\TimedTestCase.h">
      <Filter>dependencies</Filter>
    </ClInclude>
    <ClInclude Include="dependencies\Timer.h">
      <Filter>dependencies</Filter>
    </ClInclude>
    <ClInclude Include="dependencies\UnitTest.h">
      <Filter>dependencies</Filter>
    </ClInclude>
    <ClInclude Include="dependencies\ParseFunctions.h">
      <Filter>dependencies</Filter>
    </ClInclude>
    <ClInclude Include="AdjacencyList.h">
      <Filter>Файлы заголовков</Filter>
    </ClInclude>
    <ClInclude Include="Graph.h">
      <Filter>Файлы заголовков</Filter>
    </ClInclude>
    <ClInclude Include="Edge.h">
      <Filter>Файлы заголовков</Filter>
    </ClInclude>
    <ClInclude Include="GraphFactory.h">
      <Filter>Файлы заголовков</Filter>
    </ClInclude>
    <ClInclude Include="GraphPathfinder.h">
      <Filter>Файлы заголовков</Filter>
    </ClInclude>
    <ClInclude Include="Optional.h">
      <Filter>Файлы заголовков</Filter>
    </ClInclude>
    <ClInclude Include="dependencies\SequenceAssertions.h">
      <Filter>dependencies</Filter>
    </ClInclude>
    <ClInclude Include="dependencies\PairInOut.h">
      <Filter>dependencies</Filter>
    </ClInclude>
    <ClInclude Include="MaxStreamFinder.h">
      <Filter>Файлы заголовков</Filter>
    </ClInclude>
    <ClInclude Include="GraphTests.h">
      <Filter>Файлы заголовков</Filter>
    </ClInclude>
    <ClInclude Include="IntHash.h">
      <Filter>Файлы заголовков</Filter>
    </ClInclude>
    <ClInclude Include="UI.hpp">
      <Filter>Interface</Filter>
    </ClInclude>
    <ClInclude Include="Interface.hpp">
      <Filter>Interface</Filter>
    </ClInclude>
    <ClInclude Include="Parser.hpp">
      <Filter>Helpers</Filter>
    </ClInclude>
  </ItemGroup>
</Project>